
Microsoft Visual Studio Solution File, Format Version 12.00
# Visual Studio Version 16
VisualStudioVersion = 16.0.29411.108
MinimumVisualStudioVersion = 10.0.40219.1
Project("{9A19103F-16F7-4668-BE54-9A1E7A4F7556}") = "Docs.Web", "Docs.Web\Docs.Web.csproj", "{03BD7D8E-7B5B-43CE-816B-6D4E635CE556}"
EndProject
Project("{9A19103F-16F7-4668-BE54-9A1E7A4F7556}") = "Docs.Data", "Docs.Data\Docs.Data.csproj", "{647FB56A-D431-4E23-835D-30CA325EC956}"
EndProject
Global
	GlobalSection(SolutionConfigurationPlatforms) = preSolution
		Debug|Any CPU = Debug|Any CPU
		Release|Any CPU = Release|Any CPU
	EndGlobalSection
	GlobalSection(ProjectConfigurationPlatforms) = postSolution
		{03BD7D8E-7B5B-43CE-816B-6D4E635CE556}.Debug|Any CPU.ActiveCfg = Debug|Any CPU
		{03BD7D8E-7B5B-43CE-816B-6D4E635CE556}.Debug|Any CPU.Build.0 = Debug|Any CPU
		{03BD7D8E-7B5B-43CE-816B-6D4E635CE556}.Release|Any CPU.ActiveCfg = Release|Any CPU
		{03BD7D8E-7B5B-43CE-816B-6D4E635CE556}.Release|Any CPU.Build.0 = Release|Any CPU
		{647FB56A-D431-4E23-835D-30CA325EC956}.Debug|Any CPU.ActiveCfg = Debug|Any CPU
		{647FB56A-D431-4E23-835D-30CA325EC956}.Debug|Any CPU.Build.0 = Debug|Any CPU
		{647FB56A-D431-4E23-835D-30CA325EC956}.Release|Any CPU.ActiveCfg = Release|Any CPU
		{647FB56A-D431-4E23-835D-30CA325EC956}.Release|Any CPU.Build.0 = Release|Any CPU
	EndGlobalSection
	GlobalSection(SolutionProperties) = preSolution
		HideSolutionNode = FALSE
	EndGlobalSection
	GlobalSection(ExtensibilityGlobals) = postSolution
		SolutionGuid = {AD35B2FE-A8B5-451F-B747-CDA60C0E113A}
	EndGlobalSection
EndGlobal
